
Microsoft Visual Studio Solution File, Format Version 12.00
# Visual Studio 15
Project("{FAE04EC0-301F-11D3-BF4B-00C04F79EFBC}") = "SampleTabbedView.Android", "SampleTabbedView.Android\SampleTabbedView.Android.csproj", "{254CA2EF-F1D4-43F3-8D23-DD2F00F02091}"
EndProject
Project("{FAE04EC0-301F-11D3-BF4B-00C04F79EFBC}") = "SampleTabbedView.iOS", "SampleTabbedView.iOS\SampleTabbedView.iOS.csproj", "{34088161-495B-4262-816F-EA2AD562420C}"
EndProject
Project("{FAE04EC0-301F-11D3-BF4B-00C04F79EFBC}") = "SampleTabbedView", "SampleTabbedView\SampleTabbedView.csproj", "{9A681955-6A8A-4044-9D61-DF9905DE71A1}"
EndProject
Global
	GlobalSection(SolutionConfigurationPlatforms) = preSolution
		Debug|Any CPU = Debug|Any CPU
		Release|Any CPU = Release|Any CPU
		Debug|iPhoneSimulator = Debug|iPhoneSimulator
		Release|iPhoneSimulator = Release|iPhoneSimulator
		Debug|iPhone = Debug|iPhone
		Release|iPhone = Release|iPhone
	EndGlobalSection
	GlobalSection(ProjectConfigurationPlatforms) = postSolution
		{254CA2EF-F1D4-43F3-8D23-DD2F00F02091}.Debug|Any CPU.ActiveCfg = Debug|Any CPU
		{254CA2EF-F1D4-43F3-8D23-DD2F00F02091}.Debug|Any CPU.Build.0 = Debug|Any CPU
		{254CA2EF-F1D4-43F3-8D23-DD2F00F02091}.Release|Any CPU.ActiveCfg = Release|Any CPU
		{254CA2EF-F1D4-43F3-8D23-DD2F00F02091}.Release|Any CPU.Build.0 = Release|Any CPU
		{254CA2EF-F1D4-43F3-8D23-DD2F00F02091}.Debug|iPhoneSimulator.ActiveCfg = Debug|Any CPU
		{254CA2EF-F1D4-43F3-8D23-DD2F00F02091}.Debug|iPhoneSimulator.Build.0 = Debug|Any CPU
		{254CA2EF-F1D4-43F3-8D23-DD2F00F02091}.Release|iPhoneSimulator.ActiveCfg = Release|Any CPU
		{254CA2EF-F1D4-43F3-8D23-DD2F00F02091}.Release|iPhoneSimulator.Build.0 = Release|Any CPU
		{254CA2EF-F1D4-43F3-8D23-DD2F00F02091}.Debug|iPhone.ActiveCfg = Debug|Any CPU
		{254CA2EF-F1D4-43F3-8D23-DD2F00F02091}.Debug|iPhone.Build.0 = Debug|Any CPU
		{254CA2EF-F1D4-43F3-8D23-DD2F00F02091}.Release|iPhone.ActiveCfg = Release|Any CPU
		{254CA2EF-F1D4-43F3-8D23-DD2F00F02091}.Release|iPhone.Build.0 = Release|Any CPU
		{34088161-495B-4262-816F-EA2AD562420C}.Debug|Any CPU.ActiveCfg = Debug|iPhoneSimulator
		{34088161-495B-4262-816F-EA2AD562420C}.Debug|Any CPU.Build.0 = Debug|iPhoneSimulator
		{34088161-495B-4262-816F-EA2AD562420C}.Release|Any CPU.ActiveCfg = Release|iPhoneSimulator
		{34088161-495B-4262-816F-EA2AD562420C}.Release|Any CPU.Build.0 = Release|iPhoneSimulator
		{34088161-495B-4262-816F-EA2AD562420C}.Debug|iPhoneSimulator.ActiveCfg = Debug|iPhoneSimulator
		{34088161-495B-4262-816F-EA2AD562420C}.Debug|iPhoneSimulator.Build.0 = Debug|iPhoneSimulator
		{34088161-495B-4262-816F-EA2AD562420C}.Release|iPhoneSimulator.ActiveCfg = Release|iPhoneSimulator
		{34088161-495B-4262-816F-EA2AD562420C}.Release|iPhoneSimulator.Build.0 = Release|iPhoneSimulator
		{34088161-495B-4262-816F-EA2AD562420C}.Debug|iPhone.ActiveCfg = Debug|iPhone
		{34088161-495B-4262-816F-EA2AD562420C}.Debug|iPhone.Build.0 = Debug|iPhone
		{34088161-495B-4262-816F-EA2AD562420C}.Release|iPhone.ActiveCfg = Release|iPhone
		{34088161-495B-4262-816F-EA2AD562420C}.Release|iPhone.Build.0 = Release|iPhone
		{9A681955-6A8A-4044-9D61-DF9905DE71A1}.Debug|Any CPU.ActiveCfg = Debug|Any CPU
		{9A681955-6A8A-4044-9D61-DF9905DE71A1}.Debug|Any CPU.Build.0 = Debug|Any CPU
		{9A681955-6A8A-4044-9D61-DF9905DE71A1}.Release|Any CPU.ActiveCfg = Release|Any CPU
		{9A681955-6A8A-4044-9D61-DF9905DE71A1}.Release|Any CPU.Build.0 = Release|Any CPU
		{9A681955-6A8A-4044-9D61-DF9905DE71A1}.Debug|iPhoneSimulator.ActiveCfg = Debug|Any CPU
		{9A681955-6A8A-4044-9D61-DF9905DE71A1}.Debug|iPhoneSimulator.Build.0 = Debug|Any CPU
		{9A681955-6A8A-4044-9D61-DF9905DE71A1}.Release|iPhoneSimulator.ActiveCfg = Release|Any CPU
		{9A681955-6A8A-4044-9D61-DF9905DE71A1}.Release|iPhoneSimulator.Build.0 = Release|Any CPU
		{9A681955-6A8A-4044-9D61-DF9905DE71A1}.Debug|iPhone.ActiveCfg = Debug|Any CPU
		{9A681955-6A8A-4044-9D61-DF9905DE71A1}.Debug|iPhone.Build.0 = Debug|Any CPU
		{9A681955-6A8A-4044-9D61-DF9905DE71A1}.Release|iPhone.ActiveCfg = Release|Any CPU
		{9A681955-6A8A-4044-9D61-DF9905DE71A1}.Release|iPhone.Build.0 = Release|Any CPU
	EndGlobalSection
EndGlobal
